{
  "name": "pros",
  "lockfileVersion": 2,
  "requires": true,
  "packages": {
    "": {
      "dependencies": {
        "@solid-primitives/keyboard": "^1.0.7"
      }
    },
    "node_modules/@solid-primitives/event-listener": {
      "version": "2.2.6",
      "resolved": "https://registry.npmjs.org/@solid-primitives/event-listener/-/event-listener-2.2.6.tgz",
      "integrity": "sha512-Lb2q888Apv8wqgZ3WvPlt8ic2rEmHx6QT8d3pgi+JRSIRNwAysE6PZDmbwT6/hzzP1TIQG0IRZwh5tomfuqlaQ==",
      "dependencies": {
        "@solid-primitives/utils": "^5.0.0"
      },
      "peerDependencies": {
        "solid-js": "^1.6.0"
      }
    },
    "node_modules/@solid-primitives/keyboard": {
      "version": "1.0.7",
      "resolved": "https://registry.npmjs.org/@solid-primitives/keyboard/-/keyboard-1.0.7.tgz",
      "integrity": "sha512-28fzmKBhHS1CPa439zCEN0ZH9sSQ/AEao5TyWFDtOsJnozdbaT8s1IAw6BgQSbn54vOyWkgbkJ/aYN7+tSJPtQ==",
      "dependencies": {
        "@solid-primitives/event-listener": "^2.2.6",
        "@solid-primitives/rootless": "^1.2.3",
        "@solid-primitives/utils": "^5.0.0"
      },
      "peerDependencies": {
        "solid-js": "^1.6.0"
      }
    },
    "node_modules/@solid-primitives/rootless": {
      "version": "1.2.3",
      "resolved": "https://registry.npmjs.org/@solid-primitives/rootless/-/rootless-1.2.3.tgz",
      "integrity": "sha512-g6sKTQt8onmyWAh92q/+7ZwAZwVQx5qCDBEo7c0+yWZbFK81t6jWCPIYDWXpI1QJ/xxLg41iuN6Eb3fJL5IDHA==",
      "dependencies": {
        "@solid-primitives/utils": "^5.0.0"
      },
      "peerDependencies": {
        "solid-js": "^1.6.0"
      }
    },
    "node_modules/@solid-primitives/utils": {
      "version": "5.0.0",
      "resolved": "https://registry.npmjs.org/@solid-primitives/utils/-/utils-5.0.0.tgz",
      "integrity": "sha512-VTvsVYFuZlglLqaEnsY/QIjKAdWs8YKn3+bhiOHkogaE8CSosu2Sg7jybnCfcuw7fePVG75MkoGbQylyo+yovg==",
      "peerDependencies": {
        "solid-js": "^1.6.0"
      }
    },
    "node_modules/csstype": {
      "version": "3.1.1",
      "license": "MIT",
      "peer": true
    },
    "node_modules/solid-js": {
      "version": "1.6.2",
      "license": "MIT",
      "peer": true,
      "dependencies": {
        "csstype": "^3.1.0"
      }
    }
  },
  "dependencies": {
    "@solid-primitives/event-listener": {
      "version": "2.2.6",
      "resolved": "https://registry.npmjs.org/@solid-primitives/event-listener/-/event-listener-2.2.6.tgz",
      "integrity": "sha512-Lb2q888Apv8wqgZ3WvPlt8ic2rEmHx6QT8d3pgi+JRSIRNwAysE6PZDmbwT6/hzzP1TIQG0IRZwh5tomfuqlaQ==",
      "requires": {
        "@solid-primitives/utils": "^5.0.0"
      }
    },
    "@solid-primitives/keyboard": {
      "version": "1.0.7",
      "resolved": "https://registry.npmjs.org/@solid-primitives/keyboard/-/keyboard-1.0.7.tgz",
      "integrity": "sha512-28fzmKBhHS1CPa439zCEN0ZH9sSQ/AEao5TyWFDtOsJnozdbaT8s1IAw6BgQSbn54vOyWkgbkJ/aYN7+tSJPtQ==",
      "requires": {
        "@solid-primitives/event-listener": "^2.2.6",
        "@solid-primitives/rootless": "^1.2.3",
        "@solid-primitives/utils": "^5.0.0"
      }
    },
    "@solid-primitives/rootless": {
      "version": "1.2.3",
      "resolved": "https://registry.npmjs.org/@solid-primitives/rootless/-/rootless-1.2.3.tgz",
      "integrity": "sha512-g6sKTQt8onmyWAh92q/+7ZwAZwVQx5qCDBEo7c0+yWZbFK81t6jWCPIYDWXpI1QJ/xxLg41iuN6Eb3fJL5IDHA==",
      "requires": {
        "@solid-primitives/utils": "^5.0.0"
      }
    },
    "@solid-primitives/utils": {
      "version": "5.0.0",
      "resolved": "https://registry.npmjs.org/@solid-primitives/utils/-/utils-5.0.0.tgz",
      "integrity": "sha512-VTvsVYFuZlglLqaEnsY/QIjKAdWs8YKn3+bhiOHkogaE8CSosu2Sg7jybnCfcuw7fePVG75MkoGbQylyo+yovg==",
      "requires": {}
    },
    "csstype": {
      "version": "3.1.1",
      "peer": true
    },
    "solid-js": {
      "version": "1.6.2",
      "peer": true,
      "requires": {
        "csstype": "^3.1.0"
      }
    }
  }
}
