{
  "name": "pros",
  "lockfileVersion": 2,
  "requires": true,
  "packages": {
    "": {
      "dependencies": {
        "svelte-select": "^4.4.7"
      },
      "devDependencies": {
        "svelte-keydown": "^0.5.0"
      }
    },
    "node_modules/svelte-keydown": {
      "version": "0.5.0",
      "resolved": "https://registry.npmjs.org/svelte-keydown/-/svelte-keydown-0.5.0.tgz",
      "integrity": "sha512-DgY6AYlKbBocSvjC3kUeNPcStJQOTOCxAGG9ymVHzJdsQ1hRJuB8pcnB4UFH8uH3bAPdYyXXa3LwenLDL41eqQ==",
      "dev": true
    },
    "node_modules/svelte-select": {
      "version": "4.4.7",
      "resolved": "https://registry.npmjs.org/svelte-select/-/svelte-select-4.4.7.tgz",
      "integrity": "sha512-fIf9Z8rPI6F8naHZ9wjXT0Pv5gLyhdHAFkHFJnCfVVfELE8e82uOoF0xEVQP6Kir+b4Q5yOvNAzZ61WbSU6A0A=="
    }
  },
  "dependencies": {
    "svelte-keydown": {
      "version": "0.5.0",
      "resolved": "https://registry.npmjs.org/svelte-keydown/-/svelte-keydown-0.5.0.tgz",
      "integrity": "sha512-DgY6AYlKbBocSvjC3kUeNPcStJQOTOCxAGG9ymVHzJdsQ1hRJuB8pcnB4UFH8uH3bAPdYyXXa3LwenLDL41eqQ==",
      "dev": true
    },
    "svelte-select": {
      "version": "4.4.7",
      "resolved": "https://registry.npmjs.org/svelte-select/-/svelte-select-4.4.7.tgz",
      "integrity": "sha512-fIf9Z8rPI6F8naHZ9wjXT0Pv5gLyhdHAFkHFJnCfVVfELE8e82uOoF0xEVQP6Kir+b4Q5yOvNAzZ61WbSU6A0A=="
    }
  }
}
